<?xml version="1.0" encoding="utf-8"?>
<Project ToolsVersion="4.0" xmlns="http://schemas.microsoft.com/developer/msbuild/2003">
  <ItemGroup>
    <Filter Include="src">
      <UniqueIdentifier>{2DAB880B-99B4-887C-2230-9F7C8E38947C}</UniqueIdentifier>
    </Filter>
    <Filter Include="src\Burnout">
      <UniqueIdentifier>{ABFBB5FE-17B1-2EF4-A0A5-28CB0C5A25F8}</UniqueIdentifier>
    </Filter>
    <Filter Include="src\Burnout\Cameras">
      <UniqueIdentifier>{969A6625-02FC-4333-8B69-8AE5F7C97AF2}</UniqueIdentifier>
    </Filter>
    <Filter Include="src\Burnout\Core">
      <UniqueIdentifier>{E3220689-CF1B-25DB-F84D-0A60E4A504E7}</UniqueIdentifier>
    </Filter>
    <Filter Include="src\Burnout\Events">
      <UniqueIdentifier>{2F793CE8-1B5D-FD3D-84BD-F79070C0E7BF}</UniqueIdentifier>
    </Filter>
    <Filter Include="src\Burnout\ImGui">
      <UniqueIdentifier>{154535AA-815B-3340-CAD2-BE61362804C8}</UniqueIdentifier>
    </Filter>
    <Filter Include="src\Burnout\Renderer">
      <UniqueIdentifier>{B18F3AE0-9D1E-C4A9-463D-D8A432ABD44F}</UniqueIdentifier>
    </Filter>
    <Filter Include="src\Platform">
      <UniqueIdentifier>{21CA02E5-0D2D-9289-B6B2-CA3FA2F45D0C}</UniqueIdentifier>
    </Filter>
    <Filter Include="src\Platform\OpenGL">
      <UniqueIdentifier>{35A49437-A105-7245-2A73-B8F796D3A804}</UniqueIdentifier>
    </Filter>
    <Filter Include="src\Platform\Windows">
      <UniqueIdentifier>{5B054582-4794-CE4B-F0B2-E246DC20DFF1}</UniqueIdentifier>
    </Filter>
    <Filter Include="vendor">
      <UniqueIdentifier>{B3738122-9F15-ACF8-88D0-BF4C74113349}</UniqueIdentifier>
    </Filter>
    <Filter Include="vendor\stb_image">
      <UniqueIdentifier>{0DA0BA59-F998-D9AB-22CB-BE300E23B9B7}</UniqueIdentifier>
    </Filter>
  </ItemGroup>
  <ItemGroup>
    <ClInclude Include="src\Burnout.h">
      <Filter>src</Filter>
    </ClInclude>
    <ClInclude Include="src\Burnout\Cameras\Camera.h">
      <Filter>src\Burnout\Cameras</Filter>
    </ClInclude>
    <ClInclude Include="src\Burnout\Cameras\CameraController.h">
      <Filter>src\Burnout\Cameras</Filter>
    </ClInclude>
    <ClInclude Include="src\Burnout\Cameras\FirstPersonCameraController.h">
      <Filter>src\Burnout\Cameras</Filter>
    </ClInclude>
    <ClInclude Include="src\Burnout\Cameras\OrthographicCameraController.h">
      <Filter>src\Burnout\Cameras</Filter>
    </ClInclude>
    <ClInclude Include="src\Burnout\Core\Application.h">
      <Filter>src\Burnout\Core</Filter>
    </ClInclude>
    <ClInclude Include="src\Burnout\Core\Core.h">
      <Filter>src\Burnout\Core</Filter>
    </ClInclude>
    <ClInclude Include="src\Burnout\Core\EntryPoint.h">
      <Filter>src\Burnout\Core</Filter>
    </ClInclude>
    <ClInclude Include="src\Burnout\Core\Input.h">
      <Filter>src\Burnout\Core</Filter>
    </ClInclude>
    <ClInclude Include="src\Burnout\Core\KeyCodes.h">
      <Filter>src\Burnout\Core</Filter>
    </ClInclude>
    <ClInclude Include="src\Burnout\Core\Layer.h">
      <Filter>src\Burnout\Core</Filter>
    </ClInclude>
    <ClInclude Include="src\Burnout\Core\LayerStack.h">
      <Filter>src\Burnout\Core</Filter>
    </ClInclude>
    <ClInclude Include="src\Burnout\Core\Log.h">
      <Filter>src\Burnout\Core</Filter>
    </ClInclude>
    <ClInclude Include="src\Burnout\Core\MouseButtonCodes.h">
      <Filter>src\Burnout\Core</Filter>
    </ClInclude>
    <ClInclude Include="src\Burnout\Core\Timestep.h">
      <Filter>src\Burnout\Core</Filter>
    </ClInclude>
    <ClInclude Include="src\Burnout\Core\Window.h">
      <Filter>src\Burnout\Core</Filter>
    </ClInclude>
    <ClInclude Include="src\Burnout\Events\ApplicationEvent.h">
      <Filter>src\Burnout\Events</Filter>
    </ClInclude>
    <ClInclude Include="src\Burnout\Events\Event.h">
      <Filter>src\Burnout\Events</Filter>
    </ClInclude>
    <ClInclude Include="src\Burnout\Events\KeyEvent.h">
      <Filter>src\Burnout\Events</Filter>
    </ClInclude>
    <ClInclude Include="src\Burnout\Events\MouseEvent.h">
      <Filter>src\Burnout\Events</Filter>
    </ClInclude>
    <ClInclude Include="src\Burnout\ImGui\ImGuiLayer.h">
      <Filter>src\Burnout\ImGui</Filter>
    </ClInclude>
    <ClInclude Include="src\Burnout\Renderer\Buffer.h">
      <Filter>src\Burnout\Renderer</Filter>
    </ClInclude>
    <ClInclude Include="src\Burnout\Renderer\GraphicsContext.h">
      <Filter>src\Burnout\Renderer</Filter>
    </ClInclude>
    <ClInclude Include="src\Burnout\Renderer\RenderCommand.h">
      <Filter>src\Burnout\Renderer</Filter>
    </ClInclude>
    <ClInclude Include="src\Burnout\Renderer\Renderer.h">
      <Filter>src\Burnout\Renderer</Filter>
    </ClInclude>
    <ClInclude Include="src\Burnout\Renderer\RendererAPI.h">
      <Filter>src\Burnout\Renderer</Filter>
    </ClInclude>
    <ClInclude Include="src\Burnout\Renderer\Shader.h">
      <Filter>src\Burnout\Renderer</Filter>
    </ClInclude>
    <ClInclude Include="src\Burnout\Renderer\Texture.h">
      <Filter>src\Burnout\Renderer</Filter>
    </ClInclude>
    <ClInclude Include="src\Burnout\Renderer\VertexArray.h">
      <Filter>src\Burnout\Renderer</Filter>
    </ClInclude>
    <ClInclude Include="src\Platform\OpenGL\OpenGLBuffer.h">
      <Filter>src\Platform\OpenGL</Filter>
    </ClInclude>
    <ClInclude Include="src\Platform\OpenGL\OpenGLContext.h">
      <Filter>src\Platform\OpenGL</Filter>
    </ClInclude>
    <ClInclude Include="src\Platform\OpenGL\OpenGLRendererAPI.h">
      <Filter>src\Platform\OpenGL</Filter>
    </ClInclude>
    <ClInclude Include="src\Platform\OpenGL\OpenGLShader.h">
      <Filter>src\Platform\OpenGL</Filter>
    </ClInclude>
    <ClInclude Include="src\Platform\OpenGL\OpenGLTexture.h">
      <Filter>src\Platform\OpenGL</Filter>
    </ClInclude>
    <ClInclude Include="src\Platform\OpenGL\OpenGLVertexArray.h">
      <Filter>src\Platform\OpenGL</Filter>
    </ClInclude>
    <ClInclude Include="src\Platform\Windows\WindowsInput.h">
      <Filter>src\Platform\Windows</Filter>
    </ClInclude>
    <ClInclude Include="src\Platform\Windows\WindowsWindow.h">
      <Filter>src\Platform\Windows</Filter>
    </ClInclude>
    <ClInclude Include="src\bopch.h">
      <Filter>src</Filter>
    </ClInclude>
    <ClInclude Include="vendor\stb_image\stb_image.h">
      <Filter>vendor\stb_image</Filter>
    </ClInclude>
    <ClInclude Include="src\Burnout\Renderer\Renderer2D.h" />
  </ItemGroup>
  <ItemGroup>
    <ClCompile Include="src\Burnout\Cameras\FirstPersonCameraController.cpp">
      <Filter>src\Burnout\Cameras</Filter>
    </ClCompile>
    <ClCompile Include="src\Burnout\Cameras\OrthographicCameraController.cpp">
      <Filter>src\Burnout\Cameras</Filter>
    </ClCompile>
    <ClCompile Include="src\Burnout\Core\Application.cpp">
      <Filter>src\Burnout\Core</Filter>
    </ClCompile>
    <ClCompile Include="src\Burnout\Core\Layer.cpp">
      <Filter>src\Burnout\Core</Filter>
    </ClCompile>
    <ClCompile Include="src\Burnout\Core\LayerStack.cpp">
      <Filter>src\Burnout\Core</Filter>
    </ClCompile>
    <ClCompile Include="src\Burnout\Core\Log.cpp">
      <Filter>src\Burnout\Core</Filter>
    </ClCompile>
    <ClCompile Include="src\Burnout\ImGui\ImGuiBuild.cpp">
      <Filter>src\Burnout\ImGui</Filter>
    </ClCompile>
    <ClCompile Include="src\Burnout\ImGui\ImGuiLayer.cpp">
      <Filter>src\Burnout\ImGui</Filter>
    </ClCompile>
    <ClCompile Include="src\Burnout\Renderer\Buffer.cpp">
      <Filter>src\Burnout\Renderer</Filter>
    </ClCompile>
    <ClCompile Include="src\Burnout\Renderer\RenderCommand.cpp">
      <Filter>src\Burnout\Renderer</Filter>
    </ClCompile>
    <ClCompile Include="src\Burnout\Renderer\Renderer.cpp">
      <Filter>src\Burnout\Renderer</Filter>
    </ClCompile>
    <ClCompile Include="src\Burnout\Renderer\RendererAPI.cpp">
      <Filter>src\Burnout\Renderer</Filter>
    </ClCompile>
    <ClCompile Include="src\Burnout\Renderer\Shader.cpp">
      <Filter>src\Burnout\Renderer</Filter>
    </ClCompile>
    <ClCompile Include="src\Burnout\Renderer\Texture.cpp">
      <Filter>src\Burnout\Renderer</Filter>
    </ClCompile>
    <ClCompile Include="src\Burnout\Renderer\VertexArray.cpp">
      <Filter>src\Burnout\Renderer</Filter>
    </ClCompile>
    <ClCompile Include="src\Platform\OpenGL\OpenGLBuffer.cpp">
      <Filter>src\Platform\OpenGL</Filter>
    </ClCompile>
    <ClCompile Include="src\Platform\OpenGL\OpenGLContext.cpp">
      <Filter>src\Platform\OpenGL</Filter>
    </ClCompile>
    <ClCompile Include="src\Platform\OpenGL\OpenGLRendererAPI.cpp">
      <Filter>src\Platform\OpenGL</Filter>
    </ClCompile>
    <ClCompile Include="src\Platform\OpenGL\OpenGLShader.cpp">
      <Filter>src\Platform\OpenGL</Filter>
    </ClCompile>
    <ClCompile Include="src\Platform\OpenGL\OpenGLTexture.cpp">
      <Filter>src\Platform\OpenGL</Filter>
    </ClCompile>
    <ClCompile Include="src\Platform\OpenGL\OpenGLVertexArray.cpp">
      <Filter>src\Platform\OpenGL</Filter>
    </ClCompile>
    <ClCompile Include="src\Platform\Windows\WindowsInput.cpp">
      <Filter>src\Platform\Windows</Filter>
    </ClCompile>
    <ClCompile Include="src\Platform\Windows\WindowsWindow.cpp">
      <Filter>src\Platform\Windows</Filter>
    </ClCompile>
    <ClCompile Include="src\bopch.cpp">
      <Filter>src</Filter>
    </ClCompile>
    <ClCompile Include="vendor\stb_image\stb_image.cpp">
      <Filter>vendor\stb_image</Filter>
    </ClCompile>
    <ClCompile Include="src\Burnout\Renderer\Renderer2D.cpp" />
  </ItemGroup>
</Project>