<?xml version="1.0" encoding="utf-8"?>
<Project ToolsVersion="4.0" xmlns="http://schemas.microsoft.com/developer/msbuild/2003">
  <ItemGroup>
    <Filter Include="Burnout">
      <UniqueIdentifier>{94FB7BF5-00DB-FA90-09F3-8567755161F2}</UniqueIdentifier>
    </Filter>
    <Filter Include="Burnout\Events">
      <UniqueIdentifier>{F858588A-E426-4C90-CDBA-BCB6B92728F5}</UniqueIdentifier>
    </Filter>
    <Filter Include="Burnout\ImGui">
      <UniqueIdentifier>{BECFFF32-2A90-7B69-F3CA-C4E65F4AC045}</UniqueIdentifier>
    </Filter>
    <Filter Include="Burnout\Renderer">
      <UniqueIdentifier>{BA85CD78-A67E-ECCA-CFB0-D14FBB08CCD6}</UniqueIdentifier>
    </Filter>
    <Filter Include="Platform">
      <UniqueIdentifier>{2AC788B4-1694-E3BF-3FAD-D1672BD9184E}</UniqueIdentifier>
    </Filter>
    <Filter Include="Platform\OpenGL">
      <UniqueIdentifier>{1E7D2C1D-8A08-9AE1-9319-1DD6FF23F6E1}</UniqueIdentifier>
    </Filter>
    <Filter Include="Platform\Windows">
      <UniqueIdentifier>{64FBD71A-50F4-F66C-7926-DCF1657ED678}</UniqueIdentifier>
    </Filter>
  </ItemGroup>
  <ItemGroup>
    <ClInclude Include="src\Burnout.h" />
    <ClInclude Include="src\Burnout\Application.h">
      <Filter>Burnout</Filter>
    </ClInclude>
    <ClInclude Include="src\Burnout\Core.h">
      <Filter>Burnout</Filter>
    </ClInclude>
    <ClInclude Include="src\Burnout\EntryPoint.h">
      <Filter>Burnout</Filter>
    </ClInclude>
    <ClInclude Include="src\Burnout\Events\ApplicationEvent.h">
      <Filter>Burnout\Events</Filter>
    </ClInclude>
    <ClInclude Include="src\Burnout\Events\Event.h">
      <Filter>Burnout\Events</Filter>
    </ClInclude>
    <ClInclude Include="src\Burnout\Events\KeyEvent.h">
      <Filter>Burnout\Events</Filter>
    </ClInclude>
    <ClInclude Include="src\Burnout\Events\MouseEvent.h">
      <Filter>Burnout\Events</Filter>
    </ClInclude>
    <ClInclude Include="src\Burnout\ImGui\ImGuiLayer.h">
      <Filter>Burnout\ImGui</Filter>
    </ClInclude>
    <ClInclude Include="src\Burnout\Input.h">
      <Filter>Burnout</Filter>
    </ClInclude>
    <ClInclude Include="src\Burnout\KeyCodes.h">
      <Filter>Burnout</Filter>
    </ClInclude>
    <ClInclude Include="src\Burnout\Layer.h">
      <Filter>Burnout</Filter>
    </ClInclude>
    <ClInclude Include="src\Burnout\LayerStack.h">
      <Filter>Burnout</Filter>
    </ClInclude>
    <ClInclude Include="src\Burnout\Log.h">
      <Filter>Burnout</Filter>
    </ClInclude>
    <ClInclude Include="src\Burnout\MouseButtonCodes.h">
      <Filter>Burnout</Filter>
    </ClInclude>
    <ClInclude Include="src\Burnout\Renderer\GraphicsContext.h">
      <Filter>Burnout\Renderer</Filter>
    </ClInclude>
    <ClInclude Include="src\Burnout\Window.h">
      <Filter>Burnout</Filter>
    </ClInclude>
    <ClInclude Include="src\Platform\OpenGL\OpenGLContext.h">
      <Filter>Platform\OpenGL</Filter>
    </ClInclude>
    <ClInclude Include="src\Platform\Windows\WindowsInput.h">
      <Filter>Platform\Windows</Filter>
    </ClInclude>
    <ClInclude Include="src\Platform\Windows\WindowsWindow.h">
      <Filter>Platform\Windows</Filter>
    </ClInclude>
    <ClInclude Include="src\bopch.h" />
    <ClInclude Include="src\Burnout\Renderer\Shader.h" />
  </ItemGroup>
  <ItemGroup>
    <ClCompile Include="src\Burnout\Application.cpp">
      <Filter>Burnout</Filter>
    </ClCompile>
    <ClCompile Include="src\Burnout\ImGui\ImGuiBuild.cpp">
      <Filter>Burnout\ImGui</Filter>
    </ClCompile>
    <ClCompile Include="src\Burnout\ImGui\ImGuiLayer.cpp">
      <Filter>Burnout\ImGui</Filter>
    </ClCompile>
    <ClCompile Include="src\Burnout\Layer.cpp">
      <Filter>Burnout</Filter>
    </ClCompile>
    <ClCompile Include="src\Burnout\LayerStack.cpp">
      <Filter>Burnout</Filter>
    </ClCompile>
    <ClCompile Include="src\Burnout\Log.cpp">
      <Filter>Burnout</Filter>
    </ClCompile>
    <ClCompile Include="src\Platform\OpenGL\OpenGLContext.cpp">
      <Filter>Platform\OpenGL</Filter>
    </ClCompile>
    <ClCompile Include="src\Platform\Windows\WindowsInput.cpp">
      <Filter>Platform\Windows</Filter>
    </ClCompile>
    <ClCompile Include="src\Platform\Windows\WindowsWindow.cpp">
      <Filter>Platform\Windows</Filter>
    </ClCompile>
    <ClCompile Include="src\bopch.cpp" />
    <ClCompile Include="src\Burnout\Renderer\Shader.cpp" />
  </ItemGroup>
</Project>