<?xml version="1.0" encoding="utf-8"?>
<Project ToolsVersion="4.0" xmlns="http://schemas.microsoft.com/developer/msbuild/2003">
  <ItemGroup>
    <Filter Include="Burnout">
      <UniqueIdentifier>{94FB7BF5-00DB-FA90-09F3-8567755161F2}</UniqueIdentifier>
    </Filter>
    <Filter Include="Burnout\Events">
      <UniqueIdentifier>{d00b0f36-946b-43d1-936e-f6f747c8cd49}</UniqueIdentifier>
    </Filter>
  </ItemGroup>
  <ItemGroup>
    <ClInclude Include="src\Burnout.h" />
    <ClInclude Include="src\Burnout\Application.h">
      <Filter>Burnout</Filter>
    </ClInclude>
    <ClInclude Include="src\Burnout\Core.h">
      <Filter>Burnout</Filter>
    </ClInclude>
    <ClInclude Include="src\Burnout\EntryPoint.h">
      <Filter>Burnout</Filter>
    </ClInclude>
    <ClInclude Include="src\Burnout\Log.h">
      <Filter>Burnout</Filter>
    </ClInclude>
    <ClInclude Include="src\Burnout\Events\ApplicationEvent.h">
      <Filter>Burnout\Events</Filter>
    </ClInclude>
    <ClInclude Include="src\Burnout\Events\Event.h">
      <Filter>Burnout\Events</Filter>
    </ClInclude>
    <ClInclude Include="src\Burnout\Events\KeyEvent.h">
      <Filter>Burnout\Events</Filter>
    </ClInclude>
    <ClInclude Include="src\Burnout\Events\MouseEvent.h">
      <Filter>Burnout\Events</Filter>
    </ClInclude>
  </ItemGroup>
  <ItemGroup>
    <ClCompile Include="src\Burnout\Application.cpp">
      <Filter>Burnout</Filter>
    </ClCompile>
    <ClCompile Include="src\Burnout\Log.cpp">
      <Filter>Burnout</Filter>
    </ClCompile>
  </ItemGroup>
</Project>